
Microsoft Visual Studio Solution File, Format Version 12.00
# Visual Studio Version 17
VisualStudioVersion = 17.0.31912.275
MinimumVisualStudioVersion = 10.0.40219.1
Project("{FAE04EC0-301F-11D3-BF4B-00C04F79EFBC}") = "2115229_NguyenNhatLinh_Lab06", "2115229_NguyenNhatLinh_Lab06.csproj", "{C3F99D7B-A274-4539-A62C-575A0976C21D}"
EndProject
Global
	GlobalSection(SolutionConfigurationPlatforms) = preSolution
		Debug|Any CPU = Debug|Any CPU
		Release|Any CPU = Release|Any CPU
	EndGlobalSection
	GlobalSection(ProjectConfigurationPlatforms) = postSolution
		{C3F99D7B-A274-4539-A62C-575A0976C21D}.Debug|Any CPU.ActiveCfg = Debug|Any CPU
		{C3F99D7B-A274-4539-A62C-575A0976C21D}.Debug|Any CPU.Build.0 = Debug|Any CPU
		{C3F99D7B-A274-4539-A62C-575A0976C21D}.Release|Any CPU.ActiveCfg = Release|Any CPU
		{C3F99D7B-A274-4539-A62C-575A0976C21D}.Release|Any CPU.Build.0 = Release|Any CPU
	EndGlobalSection
	GlobalSection(SolutionProperties) = preSolution
		HideSolutionNode = FALSE
	EndGlobalSection
	GlobalSection(ExtensibilityGlobals) = postSolution
		SolutionGuid = {242E9932-B29C-4D2D-9BC3-AED8FA9D2886}
	EndGlobalSection
EndGlobal
