
Microsoft Visual Studio Solution File, Format Version 12.00
# Visual Studio Version 17
VisualStudioVersion = 17.0.31912.275
MinimumVisualStudioVersion = 10.0.40219.1
Project("{FAE04EC0-301F-11D3-BF4B-00C04F79EFBC}") = "2115229_NguyenNhatLinh_Lab05", "2115229_NguyenNhatLinh_Lab05.csproj", "{010676C9-0B94-4D85-AC43-E3261C35A547}"
EndProject
Global
	GlobalSection(SolutionConfigurationPlatforms) = preSolution
		Debug|Any CPU = Debug|Any CPU
		Release|Any CPU = Release|Any CPU
	EndGlobalSection
	GlobalSection(ProjectConfigurationPlatforms) = postSolution
		{010676C9-0B94-4D85-AC43-E3261C35A547}.Debug|Any CPU.ActiveCfg = Debug|Any CPU
		{010676C9-0B94-4D85-AC43-E3261C35A547}.Debug|Any CPU.Build.0 = Debug|Any CPU
		{010676C9-0B94-4D85-AC43-E3261C35A547}.Release|Any CPU.ActiveCfg = Release|Any CPU
		{010676C9-0B94-4D85-AC43-E3261C35A547}.Release|Any CPU.Build.0 = Release|Any CPU
	EndGlobalSection
	GlobalSection(SolutionProperties) = preSolution
		HideSolutionNode = FALSE
	EndGlobalSection
	GlobalSection(ExtensibilityGlobals) = postSolution
		SolutionGuid = {0A00B094-2CE0-4AA5-AC59-0D1BC1BDCAF0}
	EndGlobalSection
EndGlobal
